
Microsoft Visual Studio Solution File, Format Version 12.00
# Visual Studio Version 17
VisualStudioVersion = 17.4.33403.182
MinimumVisualStudioVersion = 10.0.40219.1
Project("{9A19103F-16F7-4668-BE54-9A1E7A4F7556}") = "SquirrelsBox.Generic", "SquirrelsBox.Generic\SquirrelsBox.Generic.csproj", "{CBDDB42E-529D-4D9F-8973-1730C03B67E3}"
EndProject
Project("{9A19103F-16F7-4668-BE54-9A1E7A4F7556}") = "SquirrelsBox.GoogleServices", "SquirrelsBox.GoogleServices\SquirrelsBox.GoogleServices.csproj", "{117E5A2D-E052-4C14-8E95-5647729E807B}"
EndProject
Project("{9A19103F-16F7-4668-BE54-9A1E7A4F7556}") = "SquirrelsBox.Security", "SquirrelsBox.Security\SquirrelsBox.Security.csproj", "{A60D7119-BAB1-4D4A-BDB9-B770874F1034}"
EndProject
Project("{9A19103F-16F7-4668-BE54-9A1E7A4F7556}") = "SquirrelsBox.User", "SquirrelsBox.User\SquirrelsBox.User.csproj", "{DA411507-633D-45E8-8CBC-640FBD6D4053}"
EndProject
Project("{9A19103F-16F7-4668-BE54-9A1E7A4F7556}") = "SquirrelsBox.Session", "SquirrelsBox.UserAccess\SquirrelsBox.Session.csproj", "{275A68B3-0205-4B84-8442-17A695D901BE}"
EndProject
Project("{9A19103F-16F7-4668-BE54-9A1E7A4F7556}") = "SquirrelsBox.Permissions", "SquirrelsBox.Permissions\SquirrelsBox.Permissions.csproj", "{8E9FC5AD-5500-4CEB-A85B-A291EDCA300E}"
EndProject
Project("{9A19103F-16F7-4668-BE54-9A1E7A4F7556}") = "SquirrelsBox.StorageManagement", "SquirrelsBox.StorageManagement\SquirrelsBox.StorageManagement.csproj", "{75B21CF1-42C9-4E11-A9A9-FC354C2FDA4D}"
EndProject
Global
	GlobalSection(SolutionConfigurationPlatforms) = preSolution
		Debug|Any CPU = Debug|Any CPU
		Release|Any CPU = Release|Any CPU
	EndGlobalSection
	GlobalSection(ProjectConfigurationPlatforms) = postSolution
		{CBDDB42E-529D-4D9F-8973-1730C03B67E3}.Debug|Any CPU.ActiveCfg = Debug|Any CPU
		{CBDDB42E-529D-4D9F-8973-1730C03B67E3}.Debug|Any CPU.Build.0 = Debug|Any CPU
		{CBDDB42E-529D-4D9F-8973-1730C03B67E3}.Release|Any CPU.ActiveCfg = Release|Any CPU
		{CBDDB42E-529D-4D9F-8973-1730C03B67E3}.Release|Any CPU.Build.0 = Release|Any CPU
		{117E5A2D-E052-4C14-8E95-5647729E807B}.Debug|Any CPU.ActiveCfg = Debug|Any CPU
		{117E5A2D-E052-4C14-8E95-5647729E807B}.Debug|Any CPU.Build.0 = Debug|Any CPU
		{117E5A2D-E052-4C14-8E95-5647729E807B}.Release|Any CPU.ActiveCfg = Release|Any CPU
		{117E5A2D-E052-4C14-8E95-5647729E807B}.Release|Any CPU.Build.0 = Release|Any CPU
		{A60D7119-BAB1-4D4A-BDB9-B770874F1034}.Debug|Any CPU.ActiveCfg = Debug|Any CPU
		{A60D7119-BAB1-4D4A-BDB9-B770874F1034}.Debug|Any CPU.Build.0 = Debug|Any CPU
		{A60D7119-BAB1-4D4A-BDB9-B770874F1034}.Release|Any CPU.ActiveCfg = Release|Any CPU
		{A60D7119-BAB1-4D4A-BDB9-B770874F1034}.Release|Any CPU.Build.0 = Release|Any CPU
		{DA411507-633D-45E8-8CBC-640FBD6D4053}.Debug|Any CPU.ActiveCfg = Debug|Any CPU
		{DA411507-633D-45E8-8CBC-640FBD6D4053}.Debug|Any CPU.Build.0 = Debug|Any CPU
		{DA411507-633D-45E8-8CBC-640FBD6D4053}.Release|Any CPU.ActiveCfg = Release|Any CPU
		{DA411507-633D-45E8-8CBC-640FBD6D4053}.Release|Any CPU.Build.0 = Release|Any CPU
		{275A68B3-0205-4B84-8442-17A695D901BE}.Debug|Any CPU.ActiveCfg = Debug|Any CPU
		{275A68B3-0205-4B84-8442-17A695D901BE}.Debug|Any CPU.Build.0 = Debug|Any CPU
		{275A68B3-0205-4B84-8442-17A695D901BE}.Release|Any CPU.ActiveCfg = Release|Any CPU
		{275A68B3-0205-4B84-8442-17A695D901BE}.Release|Any CPU.Build.0 = Release|Any CPU
		{8E9FC5AD-5500-4CEB-A85B-A291EDCA300E}.Debug|Any CPU.ActiveCfg = Debug|Any CPU
		{8E9FC5AD-5500-4CEB-A85B-A291EDCA300E}.Debug|Any CPU.Build.0 = Debug|Any CPU
		{8E9FC5AD-5500-4CEB-A85B-A291EDCA300E}.Release|Any CPU.ActiveCfg = Release|Any CPU
		{8E9FC5AD-5500-4CEB-A85B-A291EDCA300E}.Release|Any CPU.Build.0 = Release|Any CPU
		{75B21CF1-42C9-4E11-A9A9-FC354C2FDA4D}.Debug|Any CPU.ActiveCfg = Debug|Any CPU
		{75B21CF1-42C9-4E11-A9A9-FC354C2FDA4D}.Debug|Any CPU.Build.0 = Debug|Any CPU
		{75B21CF1-42C9-4E11-A9A9-FC354C2FDA4D}.Release|Any CPU.ActiveCfg = Release|Any CPU
		{75B21CF1-42C9-4E11-A9A9-FC354C2FDA4D}.Release|Any CPU.Build.0 = Release|Any CPU
	EndGlobalSection
	GlobalSection(SolutionProperties) = preSolution
		HideSolutionNode = FALSE
	EndGlobalSection
	GlobalSection(ExtensibilityGlobals) = postSolution
		SolutionGuid = {63BEBC01-3BC8-4C3F-9F8D-575780359A45}
	EndGlobalSection
EndGlobal
